// !$*UTF8*$!
{
	archiveVersion = 1;
	classes = {
	};
	objectVersion = 56;
	objects = {

/* Begin PBXBuildFile section */
		0ED7F7F429E805EA007CC216 /* UserListApp.swift in Sources */ = {isa = PBXBuildFile; fileRef = 0ED7F7F329E805EA007CC216 /* UserListApp.swift */; };
		0ED7F7F629E805EA007CC216 /* ContentView.swift in Sources */ = {isa = PBXBuildFile; fileRef = 0ED7F7F529E805EA007CC216 /* ContentView.swift */; };
		0ED7F7F829E805EB007CC216 /* Assets.xcassets in Resources */ = {isa = PBXBuildFile; fileRef = 0ED7F7F729E805EB007CC216 /* Assets.xcassets */; };
		0ED7F7FB29E805EB007CC216 /* Preview Assets.xcassets in Resources */ = {isa = PBXBuildFile; fileRef = 0ED7F7FA29E805EB007CC216 /* Preview Assets.xcassets */; };
		0ED7F80529E805EB007CC216 /* UserListTests.swift in Sources */ = {isa = PBXBuildFile; fileRef = 0ED7F80429E805EB007CC216 /* UserListTests.swift */; };
		0ED7F80F29E805EB007CC216 /* UserListUITests.swift in Sources */ = {isa = PBXBuildFile; fileRef = 0ED7F80E29E805EB007CC216 /* UserListUITests.swift */; };
		0ED7F81129E805EB007CC216 /* UserListUITestsLaunchTests.swift in Sources */ = {isa = PBXBuildFile; fileRef = 0ED7F81029E805EB007CC216 /* UserListUITestsLaunchTests.swift */; };
		0ED7F81F29E80650007CC216 /* UserViewModel.swift in Sources */ = {isa = PBXBuildFile; fileRef = 0ED7F81E29E80650007CC216 /* UserViewModel.swift */; };
		0ED7F82129E806D2007CC216 /* User.swift in Sources */ = {isa = PBXBuildFile; fileRef = 0ED7F82029E806D2007CC216 /* User.swift */; };
		0ED7F82329E80821007CC216 /* frida.jpeg in Resources */ = {isa = PBXBuildFile; fileRef = 0ED7F82229E80821007CC216 /* frida.jpeg */; };
		0ED7F82529E80834007CC216 /* malin.jpeg in Resources */ = {isa = PBXBuildFile; fileRef = 0ED7F82429E80834007CC216 /* malin.jpeg */; };
		0ED7F82729E80845007CC216 /* sofie.jpeg in Resources */ = {isa = PBXBuildFile; fileRef = 0ED7F82629E80845007CC216 /* sofie.jpeg */; };
		0ED7F82B29E81208007CC216 /* DetailView.swift in Sources */ = {isa = PBXBuildFile; fileRef = 0ED7F82A29E81208007CC216 /* DetailView.swift */; };
/* End PBXBuildFile section */

/* Begin PBXContainerItemProxy section */
		0ED7F80129E805EB007CC216 /* PBXContainerItemProxy */ = {
			isa = PBXContainerItemProxy;
			containerPortal = 0ED7F7E829E805EA007CC216 /* Project object */;
			proxyType = 1;
			remoteGlobalIDString = 0ED7F7EF29E805EA007CC216;
			remoteInfo = UserList;
		};
		0ED7F80B29E805EB007CC216 /* PBXContainerItemProxy */ = {
			isa = PBXContainerItemProxy;
			containerPortal = 0ED7F7E829E805EA007CC216 /* Project object */;
			proxyType = 1;
			remoteGlobalIDString = 0ED7F7EF29E805EA007CC216;
			remoteInfo = UserList;
		};
/* End PBXContainerItemProxy section */

/* Begin PBXFileReference section */
		0ED7F7F029E805EA007CC216 /* UserList.app */ = {isa = PBXFileReference; explicitFileType = wrapper.application; includeInIndex = 0; path = UserList.app; sourceTree = BUILT_PRODUCTS_DIR; };
		0ED7F7F329E805EA007CC216 /* UserListApp.swift */ = {isa = PBXFileReference; lastKnownFileType = sourcecode.swift; path = UserListApp.swift; sourceTree = "<group>"; };
		0ED7F7F529E805EA007CC216 /* ContentView.swift */ = {isa = PBXFileReference; lastKnownFileType = sourcecode.swift; path = ContentView.swift; sourceTree = "<group>"; };
		0ED7F7F729E805EB007CC216 /* Assets.xcassets */ = {isa = PBXFileReference; lastKnownFileType = folder.assetcatalog; path = Assets.xcassets; sourceTree = "<group>"; };
		0ED7F7FA29E805EB007CC216 /* Preview Assets.xcassets */ = {isa = PBXFileReference; lastKnownFileType = folder.assetcatalog; path = "Preview Assets.xcassets"; sourceTree = "<group>"; };
		0ED7F80029E805EB007CC216 /* UserListTests.xctest */ = {isa = PBXFileReference; explicitFileType = wrapper.cfbundle; includeInIndex = 0; path = UserListTests.xctest; sourceTree = BUILT_PRODUCTS_DIR; };
		0ED7F80429E805EB007CC216 /* UserListTests.swift */ = {isa = PBXFileReference; lastKnownFileType = sourcecode.swift; path = UserListTests.swift; sourceTree = "<group>"; };
		0ED7F80A29E805EB007CC216 /* UserListUITests.xctest */ = {isa = PBXFileReference; explicitFileType = wrapper.cfbundle; includeInIndex = 0; path = UserListUITests.xctest; sourceTree = BUILT_PRODUCTS_DIR; };
		0ED7F80E29E805EB007CC216 /* UserListUITests.swift */ = {isa = PBXFileReference; lastKnownFileType = sourcecode.swift; path = UserListUITests.swift; sourceTree = "<group>"; };
		0ED7F81029E805EB007CC216 /* UserListUITestsLaunchTests.swift */ = {isa = PBXFileReference; lastKnownFileType = sourcecode.swift; path = UserListUITestsLaunchTests.swift; sourceTree = "<group>"; };
		0ED7F81E29E80650007CC216 /* UserViewModel.swift */ = {isa = PBXFileReference; lastKnownFileType = sourcecode.swift; path = UserViewModel.swift; sourceTree = "<group>"; };
		0ED7F82029E806D2007CC216 /* User.swift */ = {isa = PBXFileReference; lastKnownFileType = sourcecode.swift; path = User.swift; sourceTree = "<group>"; };
		0ED7F82229E80821007CC216 /* frida.jpeg */ = {isa = PBXFileReference; lastKnownFileType = image.jpeg; path = frida.jpeg; sourceTree = "<group>"; };
		0ED7F82429E80834007CC216 /* malin.jpeg */ = {isa = PBXFileReference; lastKnownFileType = image.jpeg; path = malin.jpeg; sourceTree = "<group>"; };
		0ED7F82629E80845007CC216 /* sofie.jpeg */ = {isa = PBXFileReference; lastKnownFileType = image.jpeg; path = sofie.jpeg; sourceTree = "<group>"; };
		0ED7F82A29E81208007CC216 /* DetailView.swift */ = {isa = PBXFileReference; lastKnownFileType = sourcecode.swift; path = DetailView.swift; sourceTree = "<group>"; };
/* End PBXFileReference section */

/* Begin PBXFrameworksBuildPhase section */
		0ED7F7ED29E805EA007CC216 /* Frameworks */ = {
			isa = PBXFrameworksBuildPhase;
			buildActionMask = 2147483647;
			files = (
			);
			runOnlyForDeploymentPostprocessing = 0;
		};
		0ED7F7FD29E805EB007CC216 /* Frameworks */ = {
			isa = PBXFrameworksBuildPhase;
			buildActionMask = 2147483647;
			files = (
			);
			runOnlyForDeploymentPostprocessing = 0;
		};
		0ED7F80729E805EB007CC216 /* Frameworks */ = {
			isa = PBXFrameworksBuildPhase;
			buildActionMask = 2147483647;
			files = (
			);
			runOnlyForDeploymentPostprocessing = 0;
		};
/* End PBXFrameworksBuildPhase section */

/* Begin PBXGroup section */
		0ED7F7E729E805EA007CC216 = {
			isa = PBXGroup;
			children = (
				0ED7F7F229E805EA007CC216 /* UserList */,
				0ED7F80329E805EB007CC216 /* UserListTests */,
				0ED7F80D29E805EB007CC216 /* UserListUITests */,
				0ED7F7F129E805EA007CC216 /* Products */,
			);
			sourceTree = "<group>";
		};
		0ED7F7F129E805EA007CC216 /* Products */ = {
			isa = PBXGroup;
			children = (
				0ED7F7F029E805EA007CC216 /* UserList.app */,
				0ED7F80029E805EB007CC216 /* UserListTests.xctest */,
				0ED7F80A29E805EB007CC216 /* UserListUITests.xctest */,
			);
			name = Products;
			sourceTree = "<group>";
		};
		0ED7F7F229E805EA007CC216 /* UserList */ = {
			isa = PBXGroup;
			children = (
				0ED7F7F329E805EA007CC216 /* UserListApp.swift */,
				0ED7F81D29E80617007CC216 /* Views */,
				0ED7F7F729E805EB007CC216 /* Assets.xcassets */,
				0ED7F82229E80821007CC216 /* frida.jpeg */,
				0ED7F82429E80834007CC216 /* malin.jpeg */,
				0ED7F82629E80845007CC216 /* sofie.jpeg */,
				0ED7F7F929E805EB007CC216 /* Preview Content */,
			);
			path = UserList;
			sourceTree = "<group>";
		};
		0ED7F7F929E805EB007CC216 /* Preview Content */ = {
			isa = PBXGroup;
			children = (
				0ED7F7FA29E805EB007CC216 /* Preview Assets.xcassets */,
			);
			path = "Preview Content";
			sourceTree = "<group>";
		};
		0ED7F80329E805EB007CC216 /* UserListTests */ = {
			isa = PBXGroup;
			children = (
				0ED7F80429E805EB007CC216 /* UserListTests.swift */,
			);
			path = UserListTests;
			sourceTree = "<group>";
		};
		0ED7F80D29E805EB007CC216 /* UserListUITests */ = {
			isa = PBXGroup;
			children = (
				0ED7F80E29E805EB007CC216 /* UserListUITests.swift */,
				0ED7F81029E805EB007CC216 /* UserListUITestsLaunchTests.swift */,
			);
			path = UserListUITests;
			sourceTree = "<group>";
		};
		0ED7F81D29E80617007CC216 /* Views */ = {
			isa = PBXGroup;
			children = (
				0ED7F7F529E805EA007CC216 /* ContentView.swift */,
				0ED7F81E29E80650007CC216 /* UserViewModel.swift */,
				0ED7F82029E806D2007CC216 /* User.swift */,
				0ED7F82A29E81208007CC216 /* DetailView.swift */,
			);
			path = Views;
			sourceTree = "<group>";
		};
/* End PBXGroup section */

/* Begin PBXNativeTarget section */
		0ED7F7EF29E805EA007CC216 /* UserList */ = {
			isa = PBXNativeTarget;
			buildConfigurationList = 0ED7F81429E805EB007CC216 /* Build configuration list for PBXNativeTarget "UserList" */;
			buildPhases = (
				0ED7F7EC29E805EA007CC216 /* Sources */,
				0ED7F7ED29E805EA007CC216 /* Frameworks */,
				0ED7F7EE29E805EA007CC216 /* Resources */,
			);
			buildRules = (
			);
			dependencies = (
			);
			name = UserList;
			productName = UserList;
			productReference = 0ED7F7F029E805EA007CC216 /* UserList.app */;
			productType = "com.apple.product-type.application";
		};
		0ED7F7FF29E805EB007CC216 /* UserListTests */ = {
			isa = PBXNativeTarget;
			buildConfigurationList = 0ED7F81729E805EB007CC216 /* Build configuration list for PBXNativeTarget "UserListTests" */;
			buildPhases = (
				0ED7F7FC29E805EB007CC216 /* Sources */,
				0ED7F7FD29E805EB007CC216 /* Frameworks */,
				0ED7F7FE29E805EB007CC216 /* Resources */,
			);
			buildRules = (
			);
			dependencies = (
				0ED7F80229E805EB007CC216 /* PBXTargetDependency */,
			);
			name = UserListTests;
			productName = UserListTests;
			productReference = 0ED7F80029E805EB007CC216 /* UserListTests.xctest */;
			productType = "com.apple.product-type.bundle.unit-test";
		};
		0ED7F80929E805EB007CC216 /* UserListUITests */ = {
			isa = PBXNativeTarget;
			buildConfigurationList = 0ED7F81A29E805EB007CC216 /* Build configuration list for PBXNativeTarget "UserListUITests" */;
			buildPhases = (
				0ED7F80629E805EB007CC216 /* Sources */,
				0ED7F80729E805EB007CC216 /* Frameworks */,
				0ED7F80829E805EB007CC216 /* Resources */,
			);
			buildRules = (
			);
			dependencies = (
				0ED7F80C29E805EB007CC216 /* PBXTargetDependency */,
			);
			name = UserListUITests;
			productName = UserListUITests;
			productReference = 0ED7F80A29E805EB007CC216 /* UserListUITests.xctest */;
			productType = "com.apple.product-type.bundle.ui-testing";
		};
/* End PBXNativeTarget section */

/* Begin PBXProject section */
		0ED7F7E829E805EA007CC216 /* Project object */ = {
			isa = PBXProject;
			attributes = {
				BuildIndependentTargetsInParallel = 1;
				LastSwiftUpdateCheck = 1420;
				LastUpgradeCheck = 1420;
				TargetAttributes = {
					0ED7F7EF29E805EA007CC216 = {
						CreatedOnToolsVersion = 14.2;
					};
					0ED7F7FF29E805EB007CC216 = {
						CreatedOnToolsVersion = 14.2;
						TestTargetID = 0ED7F7EF29E805EA007CC216;
					};
					0ED7F80929E805EB007CC216 = {
						CreatedOnToolsVersion = 14.2;
						TestTargetID = 0ED7F7EF29E805EA007CC216;
					};
				};
			};
			buildConfigurationList = 0ED7F7EB29E805EA007CC216 /* Build configuration list for PBXProject "UserList" */;
			compatibilityVersion = "Xcode 14.0";
			developmentRegion = en;
			hasScannedForEncodings = 0;
			knownRegions = (
				en,
				Base,
			);
			mainGroup = 0ED7F7E729E805EA007CC216;
			productRefGroup = 0ED7F7F129E805EA007CC216 /* Products */;
			projectDirPath = "";
			projectRoot = "";
			targets = (
				0ED7F7EF29E805EA007CC216 /* UserList */,
				0ED7F7FF29E805EB007CC216 /* UserListTests */,
				0ED7F80929E805EB007CC216 /* UserListUITests */,
			);
		};
/* End PBXProject section */

/* Begin PBXResourcesBuildPhase section */
		0ED7F7EE29E805EA007CC216 /* Resources */ = {
			isa = PBXResourcesBuildPhase;
			buildActionMask = 2147483647;
			files = (
				0ED7F82329E80821007CC216 /* frida.jpeg in Resources */,
				0ED7F7FB29E805EB007CC216 /* Preview Assets.xcassets in Resources */,
				0ED7F82529E80834007CC216 /* malin.jpeg in Resources */,
				0ED7F7F829E805EB007CC216 /* Assets.xcassets in Resources */,
				0ED7F82729E80845007CC216 /* sofie.jpeg in Resources */,
			);
			runOnlyForDeploymentPostprocessing = 0;
		};
		0ED7F7FE29E805EB007CC216 /* Resources */ = {
			isa = PBXResourcesBuildPhase;
			buildActionMask = 2147483647;
			files = (
			);
			runOnlyForDeploymentPostprocessing = 0;
		};
		0ED7F80829E805EB007CC216 /* Resources */ = {
			isa = PBXResourcesBuildPhase;
			buildActionMask = 2147483647;
			files = (
			);
			runOnlyForDeploymentPostprocessing = 0;
		};
/* End PBXResourcesBuildPhase section */

/* Begin PBXSourcesBuildPhase section */
		0ED7F7EC29E805EA007CC216 /* Sources */ = {
			isa = PBXSourcesBuildPhase;
			buildActionMask = 2147483647;
			files = (
				0ED7F82129E806D2007CC216 /* User.swift in Sources */,
				0ED7F7F629E805EA007CC216 /* ContentView.swift in Sources */,
				0ED7F81F29E80650007CC216 /* UserViewModel.swift in Sources */,
				0ED7F82B29E81208007CC216 /* DetailView.swift in Sources */,
				0ED7F7F429E805EA007CC216 /* UserListApp.swift in Sources */,
			);
			runOnlyForDeploymentPostprocessing = 0;
		};
		0ED7F7FC29E805EB007CC216 /* Sources */ = {
			isa = PBXSourcesBuildPhase;
			buildActionMask = 2147483647;
			files = (
				0ED7F80529E805EB007CC216 /* UserListTests.swift in Sources */,
			);
			runOnlyForDeploymentPostprocessing = 0;
		};
		0ED7F80629E805EB007CC216 /* Sources */ = {
			isa = PBXSourcesBuildPhase;
			buildActionMask = 2147483647;
			files = (
				0ED7F81129E805EB007CC216 /* UserListUITestsLaunchTests.swift in Sources */,
				0ED7F80F29E805EB007CC216 /* UserListUITests.swift in Sources */,
			);
			runOnlyForDeploymentPostprocessing = 0;
		};
/* End PBXSourcesBuildPhase section */

/* Begin PBXTargetDependency section */
		0ED7F80229E805EB007CC216 /* PBXTargetDependency */ = {
			isa = PBXTargetDependency;
			target = 0ED7F7EF29E805EA007CC216 /* UserList */;
			targetProxy = 0ED7F80129E805EB007CC216 /* PBXContainerItemProxy */;
		};
		0ED7F80C29E805EB007CC216 /* PBXTargetDependency */ = {
			isa = PBXTargetDependency;
			target = 0ED7F7EF29E805EA007CC216 /* UserList */;
			targetProxy = 0ED7F80B29E805EB007CC216 /* PBXContainerItemProxy */;
		};
/* End PBXTargetDependency section */

/* Begin XCBuildConfiguration section */
		0ED7F81229E805EB007CC216 /* Debug */ = {
			isa = XCBuildConfiguration;
			buildSettings = {
				ALWAYS_SEARCH_USER_PATHS = NO;
				CLANG_ANALYZER_NONNULL = YES;
				CLANG_ANALYZER_NUMBER_OBJECT_CONVERSION = YES_AGGRESSIVE;
				CLANG_CXX_LANGUAGE_STANDARD = "gnu++20";
				CLANG_ENABLE_MODULES = YES;
				CLANG_ENABLE_OBJC_ARC = YES;
				CLANG_ENABLE_OBJC_WEAK = YES;
				CLANG_WARN_BLOCK_CAPTURE_AUTORELEASING = YES;
				CLANG_WARN_BOOL_CONVERSION = YES;
				CLANG_WARN_COMMA = YES;
				CLANG_WARN_CONSTANT_CONVERSION = YES;
				CLANG_WARN_DEPRECATED_OBJC_IMPLEMENTATIONS = YES;
				CLANG_WARN_DIRECT_OBJC_ISA_USAGE = YES_ERROR;
				CLANG_WARN_DOCUMENTATION_COMMENTS = YES;
				CLANG_WARN_EMPTY_BODY = YES;
				CLANG_WARN_ENUM_CONVERSION = YES;
				CLANG_WARN_INFINITE_RECURSION = YES;
				CLANG_WARN_INT_CONVERSION = YES;
				CLANG_WARN_NON_LITERAL_NULL_CONVERSION = YES;
				CLANG_WARN_OBJC_IMPLICIT_RETAIN_SELF = YES;
				CLANG_WARN_OBJC_LITERAL_CONVERSION = YES;
				CLANG_WARN_OBJC_ROOT_CLASS = YES_ERROR;
				CLANG_WARN_QUOTED_INCLUDE_IN_FRAMEWORK_HEADER = YES;
				CLANG_WARN_RANGE_LOOP_ANALYSIS = YES;
				CLANG_WARN_STRICT_PROTOTYPES = YES;
				CLANG_WARN_SUSPICIOUS_MOVE = YES;
				CLANG_WARN_UNGUARDED_AVAILABILITY = YES_AGGRESSIVE;
				CLANG_WARN_UNREACHABLE_CODE = YES;
				CLANG_WARN__DUPLICATE_METHOD_MATCH = YES;
				COPY_PHASE_STRIP = NO;
				DEBUG_INFORMATION_FORMAT = dwarf;
				ENABLE_STRICT_OBJC_MSGSEND = YES;
				ENABLE_TESTABILITY = YES;
				GCC_C_LANGUAGE_STANDARD = gnu11;
				GCC_DYNAMIC_NO_PIC = NO;
				GCC_NO_COMMON_BLOCKS = YES;
				GCC_OPTIMIZATION_LEVEL = 0;
				GCC_PREPROCESSOR_DEFINITIONS = (
					"DEBUG=1",
					"$(inherited)",
				);
				GCC_WARN_64_TO_32_BIT_CONVERSION = YES;
				GCC_WARN_ABOUT_RETURN_TYPE = YES_ERROR;
				GCC_WARN_UNDECLARED_SELECTOR = YES;
				GCC_WARN_UNINITIALIZED_AUTOS = YES_AGGRESSIVE;
				GCC_WARN_UNUSED_FUNCTION = YES;
				GCC_WARN_UNUSED_VARIABLE = YES;
				IPHONEOS_DEPLOYMENT_TARGET = 16.2;
				MTL_ENABLE_DEBUG_INFO = INCLUDE_SOURCE;
				MTL_FAST_MATH = YES;
				ONLY_ACTIVE_ARCH = YES;
				SDKROOT = iphoneos;
				SWIFT_ACTIVE_COMPILATION_CONDITIONS = DEBUG;
				SWIFT_OPTIMIZATION_LEVEL = "-Onone";
			};
			name = Debug;
		};
		0ED7F81329E805EB007CC216 /* Release */ = {
			isa = XCBuildConfiguration;
			buildSettings = {
				ALWAYS_SEARCH_USER_PATHS = NO;
				CLANG_ANALYZER_NONNULL = YES;
				CLANG_ANALYZER_NUMBER_OBJECT_CONVERSION = YES_AGGRESSIVE;
				CLANG_CXX_LANGUAGE_STANDARD = "gnu++20";
				CLANG_ENABLE_MODULES = YES;
				CLANG_ENABLE_OBJC_ARC = YES;
				CLANG_ENABLE_OBJC_WEAK = YES;
				CLANG_WARN_BLOCK_CAPTURE_AUTORELEASING = YES;
				CLANG_WARN_BOOL_CONVERSION = YES;
				CLANG_WARN_COMMA = YES;
				CLANG_WARN_CONSTANT_CONVERSION = YES;
				CLANG_WARN_DEPRECATED_OBJC_IMPLEMENTATIONS = YES;
				CLANG_WARN_DIRECT_OBJC_ISA_USAGE = YES_ERROR;
				CLANG_WARN_DOCUMENTATION_COMMENTS = YES;
				CLANG_WARN_EMPTY_BODY = YES;
				CLANG_WARN_ENUM_CONVERSION = YES;
				CLANG_WARN_INFINITE_RECURSION = YES;
				CLANG_WARN_INT_CONVERSION = YES;
				CLANG_WARN_NON_LITERAL_NULL_CONVERSION = YES;
				CLANG_WARN_OBJC_IMPLICIT_RETAIN_SELF = YES;
				CLANG_WARN_OBJC_LITERAL_CONVERSION = YES;
				CLANG_WARN_OBJC_ROOT_CLASS = YES_ERROR;
				CLANG_WARN_QUOTED_INCLUDE_IN_FRAMEWORK_HEADER = YES;
				CLANG_WARN_RANGE_LOOP_ANALYSIS = YES;
				CLANG_WARN_STRICT_PROTOTYPES = YES;
				CLANG_WARN_SUSPICIOUS_MOVE = YES;
				CLANG_WARN_UNGUARDED_AVAILABILITY = YES_AGGRESSIVE;
				CLANG_WARN_UNREACHABLE_CODE = YES;
				CLANG_WARN__DUPLICATE_METHOD_MATCH = YES;
				COPY_PHASE_STRIP = NO;
				DEBUG_INFORMATION_FORMAT = "dwarf-with-dsym";
				ENABLE_NS_ASSERTIONS = NO;
				ENABLE_STRICT_OBJC_MSGSEND = YES;
				GCC_C_LANGUAGE_STANDARD = gnu11;
				GCC_NO_COMMON_BLOCKS = YES;
				GCC_WARN_64_TO_32_BIT_CONVERSION = YES;
				GCC_WARN_ABOUT_RETURN_TYPE = YES_ERROR;
				GCC_WARN_UNDECLARED_SELECTOR = YES;
				GCC_WARN_UNINITIALIZED_AUTOS = YES_AGGRESSIVE;
				GCC_WARN_UNUSED_FUNCTION = YES;
				GCC_WARN_UNUSED_VARIABLE = YES;
				IPHONEOS_DEPLOYMENT_TARGET = 16.2;
				MTL_ENABLE_DEBUG_INFO = NO;
				MTL_FAST_MATH = YES;
				SDKROOT = iphoneos;
				SWIFT_COMPILATION_MODE = wholemodule;
				SWIFT_OPTIMIZATION_LEVEL = "-O";
				VALIDATE_PRODUCT = YES;
			};
			name = Release;
		};
		0ED7F81529E805EB007CC216 /* Debug */ = {
			isa = XCBuildConfiguration;
			buildSettings = {
				ASSETCATALOG_COMPILER_APPICON_NAME = AppIcon;
				ASSETCATALOG_COMPILER_GLOBAL_ACCENT_COLOR_NAME = AccentColor;
				CODE_SIGN_STYLE = Automatic;
				CURRENT_PROJECT_VERSION = 1;
				DEVELOPMENT_ASSET_PATHS = "\"UserList/Preview Content\"";
				DEVELOPMENT_TEAM = 8U9A4A64L9;
				ENABLE_PREVIEWS = YES;
				GENERATE_INFOPLIST_FILE = YES;
				INFOPLIST_KEY_UIApplicationSceneManifest_Generation = YES;
				INFOPLIST_KEY_UIApplicationSupportsIndirectInputEvents = YES;
				INFOPLIST_KEY_UILaunchScreen_Generation = YES;
				INFOPLIST_KEY_UISupportedInterfaceOrientations_iPad = "UIInterfaceOrientationPortrait UIInterfaceOrientationPortraitUpsideDown UIInterfaceOrientationLandscapeLeft UIInterfaceOrientationLandscapeRight";
				INFOPLIST_KEY_UISupportedInterfaceOrientations_iPhone = "UIInterfaceOrientationPortrait UIInterfaceOrientationLandscapeLeft UIInterfaceOrientationLandscapeRight";
				LD_RUNPATH_SEARCH_PATHS = (
					"$(inherited)",
					"@executable_path/Frameworks",
				);
				MARKETING_VERSION = 1.0;
				PRODUCT_BUNDLE_IDENTIFIER = com.example.UserList;
				PRODUCT_NAME = "$(TARGET_NAME)";
				SWIFT_EMIT_LOC_STRINGS = YES;
				SWIFT_VERSION = 5.0;
				TARGETED_DEVICE_FAMILY = "1,2";
			};
			name = Debug;
		};
		0ED7F81629E805EB007CC216 /* Release */ = {
			isa = XCBuildConfiguration;
			buildSettings = {
				ASSETCATALOG_COMPILER_APPICON_NAME = AppIcon;
				ASSETCATALOG_COMPILER_GLOBAL_ACCENT_COLOR_NAME = AccentColor;
				CODE_SIGN_STYLE = Automatic;
				CURRENT_PROJECT_VERSION = 1;
				DEVELOPMENT_ASSET_PATHS = "\"UserList/Preview Content\"";
				DEVELOPMENT_TEAM = 8U9A4A64L9;
				ENABLE_PREVIEWS = YES;
				GENERATE_INFOPLIST_FILE = YES;
				INFOPLIST_KEY_UIApplicationSceneManifest_Generation = YES;
				INFOPLIST_KEY_UIApplicationSupportsIndirectInputEvents = YES;
				INFOPLIST_KEY_UILaunchScreen_Generation = YES;
				INFOPLIST_KEY_UISupportedInterfaceOrientations_iPad = "UIInterfaceOrientationPortrait UIInterfaceOrientationPortraitUpsideDown UIInterfaceOrientationLandscapeLeft UIInterfaceOrientationLandscapeRight";
				INFOPLIST_KEY_UISupportedInterfaceOrientations_iPhone = "UIInterfaceOrientationPortrait UIInterfaceOrientationLandscapeLeft UIInterfaceOrientationLandscapeRight";
				LD_RUNPATH_SEARCH_PATHS = (
					"$(inherited)",
					"@executable_path/Frameworks",
				);
				MARKETING_VERSION = 1.0;
				PRODUCT_BUNDLE_IDENTIFIER = com.example.UserList;
				PRODUCT_NAME = "$(TARGET_NAME)";
				SWIFT_EMIT_LOC_STRINGS = YES;
				SWIFT_VERSION = 5.0;
				TARGETED_DEVICE_FAMILY = "1,2";
			};
			name = Release;
		};
		0ED7F81829E805EB007CC216 /* Debug */ = {
			isa = XCBuildConfiguration;
			buildSettings = {
				ALWAYS_EMBED_SWIFT_STANDARD_LIBRARIES = YES;
				BUNDLE_LOADER = "$(TEST_HOST)";
				CODE_SIGN_STYLE = Automatic;
				CURRENT_PROJECT_VERSION = 1;
				DEVELOPMENT_TEAM = 8U9A4A64L9;
				GENERATE_INFOPLIST_FILE = YES;
				IPHONEOS_DEPLOYMENT_TARGET = 16.2;
				MARKETING_VERSION = 1.0;
				PRODUCT_BUNDLE_IDENTIFIER = com.example.UserListTests;
				PRODUCT_NAME = "$(TARGET_NAME)";
				SWIFT_EMIT_LOC_STRINGS = NO;
				SWIFT_VERSION = 5.0;
				TARGETED_DEVICE_FAMILY = "1,2";
				TEST_HOST = "$(BUILT_PRODUCTS_DIR)/UserList.app/$(BUNDLE_EXECUTABLE_FOLDER_PATH)/UserList";
			};
			name = Debug;
		};
		0ED7F81929E805EB007CC216 /* Release */ = {
			isa = XCBuildConfiguration;
			buildSettings = {
				ALWAYS_EMBED_SWIFT_STANDARD_LIBRARIES = YES;
				BUNDLE_LOADER = "$(TEST_HOST)";
				CODE_SIGN_STYLE = Automatic;
				CURRENT_PROJECT_VERSION = 1;
				DEVELOPMENT_TEAM = 8U9A4A64L9;
				GENERATE_INFOPLIST_FILE = YES;
				IPHONEOS_DEPLOYMENT_TARGET = 16.2;
				MARKETING_VERSION = 1.0;
				PRODUCT_BUNDLE_IDENTIFIER = com.example.UserListTests;
				PRODUCT_NAME = "$(TARGET_NAME)";
				SWIFT_EMIT_LOC_STRINGS = NO;
				SWIFT_VERSION = 5.0;
				TARGETED_DEVICE_FAMILY = "1,2";
				TEST_HOST = "$(BUILT_PRODUCTS_DIR)/UserList.app/$(BUNDLE_EXECUTABLE_FOLDER_PATH)/UserList";
			};
			name = Release;
		};
		0ED7F81B29E805EB007CC216 /* Debug */ = {
			isa = XCBuildConfiguration;
			buildSettings = {
				ALWAYS_EMBED_SWIFT_STANDARD_LIBRARIES = YES;
				CODE_SIGN_STYLE = Automatic;
				CURRENT_PROJECT_VERSION = 1;
				DEVELOPMENT_TEAM = 8U9A4A64L9;
				GENERATE_INFOPLIST_FILE = YES;
				MARKETING_VERSION = 1.0;
				PRODUCT_BUNDLE_IDENTIFIER = com.example.UserListUITests;
				PRODUCT_NAME = "$(TARGET_NAME)";
				SWIFT_EMIT_LOC_STRINGS = NO;
				SWIFT_VERSION = 5.0;
				TARGETED_DEVICE_FAMILY = "1,2";
				TEST_TARGET_NAME = UserList;
			};
			name = Debug;
		};
		0ED7F81C29E805EB007CC216 /* Release */ = {
			isa = XCBuildConfiguration;
			buildSettings = {
				ALWAYS_EMBED_SWIFT_STANDARD_LIBRARIES = YES;
				CODE_SIGN_STYLE = Automatic;
				CURRENT_PROJECT_VERSION = 1;
				DEVELOPMENT_TEAM = 8U9A4A64L9;
				GENERATE_INFOPLIST_FILE = YES;
				MARKETING_VERSION = 1.0;
				PRODUCT_BUNDLE_IDENTIFIER = com.example.UserListUITests;
				PRODUCT_NAME = "$(TARGET_NAME)";
				SWIFT_EMIT_LOC_STRINGS = NO;
				SWIFT_VERSION = 5.0;
				TARGETED_DEVICE_FAMILY = "1,2";
				TEST_TARGET_NAME = UserList;
			};
			name = Release;
		};
/* End XCBuildConfiguration section */

/* Begin XCConfigurationList section */
		0ED7F7EB29E805EA007CC216 /* Build configuration list for PBXProject "UserList" */ = {
			isa = XCConfigurationList;
			buildConfigurations = (
				0ED7F81229E805EB007CC216 /* Debug */,
				0ED7F81329E805EB007CC216 /* Release */,
			);
			defaultConfigurationIsVisible = 0;
			defaultConfigurationName = Release;
		};
		0ED7F81429E805EB007CC216 /* Build configuration list for PBXNativeTarget "UserList" */ = {
			isa = XCConfigurationList;
			buildConfigurations = (
				0ED7F81529E805EB007CC216 /* Debug */,
				0ED7F81629E805EB007CC216 /* Release */,
			);
			defaultConfigurationIsVisible = 0;
			defaultConfigurationName = Release;
		};
		0ED7F81729E805EB007CC216 /* Build configuration list for PBXNativeTarget "UserListTests" */ = {
			isa = XCConfigurationList;
			buildConfigurations = (
				0ED7F81829E805EB007CC216 /* Debug */,
				0ED7F81929E805EB007CC216 /* Release */,
			);
			defaultConfigurationIsVisible = 0;
			defaultConfigurationName = Release;
		};
		0ED7F81A29E805EB007CC216 /* Build configuration list for PBXNativeTarget "UserListUITests" */ = {
			isa = XCConfigurationList;
			buildConfigurations = (
				0ED7F81B29E805EB007CC216 /* Debug */,
				0ED7F81C29E805EB007CC216 /* Release */,
			);
			defaultConfigurationIsVisible = 0;
			defaultConfigurationName = Release;
		};
/* End XCConfigurationList section */
	};
	rootObject = 0ED7F7E829E805EA007CC216 /* Project object */;
}
